// !$*UTF8*$!
{
	archiveVersion = 1;
	classes = {
	};
	objectVersion = 55;
	objects = {

/* Begin PBXBuildFile section */
		878A3B58277C0410001CE973 /* 剑指 Offer II 072. 求平方根.swift in Sources */ = {isa = PBXBuildFile; fileRef = 878A3B57277C0410001CE973 /* 剑指 Offer II 072. 求平方根.swift */; };
		87915E852772FFCD00342F19 /* 482. 密钥格式化.swift in Sources */ = {isa = PBXBuildFile; fileRef = 87915E802772FFCD00342F19 /* 482. 密钥格式化.swift */; };
		87915E862772FFCD00342F19 /* 1154. 一年中的第几天.swift in Sources */ = {isa = PBXBuildFile; fileRef = 87915E812772FFCD00342F19 /* 1154. 一年中的第几天.swift */; };
		87915E872772FFCD00342F19 /* 522. 最长特殊序列 II.swift in Sources */ = {isa = PBXBuildFile; fileRef = 87915E822772FFCD00342F19 /* 522. 最长特殊序列 II.swift */; };
		87915E882772FFCD00342F19 /* 476. 数字的补数.swift in Sources */ = {isa = PBXBuildFile; fileRef = 87915E832772FFCD00342F19 /* 476. 数字的补数.swift */; };
		87915E892772FFCD00342F19 /* 1375. 二进制字符串前缀一致的次数.swift in Sources */ = {isa = PBXBuildFile; fileRef = 87915E842772FFCD00342F19 /* 1375. 二进制字符串前缀一致的次数.swift */; };
		87915E8B27731DA400342F19 /* 686. 重复叠加字符串匹配.swift in Sources */ = {isa = PBXBuildFile; fileRef = 87915E8A27731DA400342F19 /* 686. 重复叠加字符串匹配.swift */; };
		879AAD7727741677000E179A /* 1044. 最长重复子串.swift in Sources */ = {isa = PBXBuildFile; fileRef = 879AAD7627741677000E179A /* 1044. 最长重复子串.swift */; };
		879AAD79277465A1000E179A /* 面试题 16.05. 阶乘尾数.swift in Sources */ = {isa = PBXBuildFile; fileRef = 879AAD78277465A1000E179A /* 面试题 16.05. 阶乘尾数.swift */; };
		879AAD7B277473AA000E179A /* 5. 最长回文子串.swift in Sources */ = {isa = PBXBuildFile; fileRef = 879AAD7A277473AA000E179A /* 5. 最长回文子串.swift */; };
		879AAD7D2774772E000E179A /* 70. 爬楼梯.swift in Sources */ = {isa = PBXBuildFile; fileRef = 879AAD7C2774772E000E179A /* 70. 爬楼梯.swift */; };
		879AAD7F27747D16000E179A /* 53. 最大子数组和.swift in Sources */ = {isa = PBXBuildFile; fileRef = 879AAD7E27747D16000E179A /* 53. 最大子数组和.swift */; };
		879AAD8127756618000E179A /* 1705. 吃苹果的最大数目.swift in Sources */ = {isa = PBXBuildFile; fileRef = 879AAD8027756618000E179A /* 1705. 吃苹果的最大数目.swift */; };
		BABD8191276F28650007A289 /* main.swift in Sources */ = {isa = PBXBuildFile; fileRef = BABD8190276F28650007A289 /* main.swift */; };
		BABD8198276F28820007A289 /* 997. 找到小镇的法官.swift in Sources */ = {isa = PBXBuildFile; fileRef = BABD8197276F28820007A289 /* 997. 找到小镇的法官.swift */; };
		BABD819A276F2C940007A289 /* 1726. 同积元组.swift in Sources */ = {isa = PBXBuildFile; fileRef = BABD8199276F2C940007A289 /* 1726. 同积元组.swift */; };
		BABD819C276F4AEA0007A289 /* 1946. 子字符串突变后可能得到的最大整数.swift in Sources */ = {isa = PBXBuildFile; fileRef = BABD819B276F4AEA0007A289 /* 1946. 子字符串突变后可能得到的最大整数.swift */; };
		BABD819E2770A56B0007A289 /* 475. 供暖器.swift in Sources */ = {isa = PBXBuildFile; fileRef = BABD819D2770A56B0007A289 /* 475. 供暖器.swift */; };
/* End PBXBuildFile section */

/* Begin PBXCopyFilesBuildPhase section */
		BABD818B276F28650007A289 /* CopyFiles */ = {
			isa = PBXCopyFilesBuildPhase;
			buildActionMask = 2147483647;
			dstPath = /usr/share/man/man1/;
			dstSubfolderSpec = 0;
			files = (
			);
			runOnlyForDeploymentPostprocessing = 1;
		};
/* End PBXCopyFilesBuildPhase section */

/* Begin PBXFileReference section */
		878A3B57277C0410001CE973 /* 剑指 Offer II 072. 求平方根.swift */ = {isa = PBXFileReference; lastKnownFileType = sourcecode.swift; path = "剑指 Offer II 072. 求平方根.swift"; sourceTree = "<group>"; };
		87915E802772FFCD00342F19 /* 482. 密钥格式化.swift */ = {isa = PBXFileReference; fileEncoding = 4; lastKnownFileType = sourcecode.swift; path = "482. 密钥格式化.swift"; sourceTree = "<group>"; };
		87915E812772FFCD00342F19 /* 1154. 一年中的第几天.swift */ = {isa = PBXFileReference; fileEncoding = 4; lastKnownFileType = sourcecode.swift; path = "1154. 一年中的第几天.swift"; sourceTree = "<group>"; };
		87915E822772FFCD00342F19 /* 522. 最长特殊序列 II.swift */ = {isa = PBXFileReference; fileEncoding = 4; lastKnownFileType = sourcecode.swift; path = "522. 最长特殊序列 II.swift"; sourceTree = "<group>"; };
		87915E832772FFCD00342F19 /* 476. 数字的补数.swift */ = {isa = PBXFileReference; fileEncoding = 4; lastKnownFileType = sourcecode.swift; path = "476. 数字的补数.swift"; sourceTree = "<group>"; };
		87915E842772FFCD00342F19 /* 1375. 二进制字符串前缀一致的次数.swift */ = {isa = PBXFileReference; fileEncoding = 4; lastKnownFileType = sourcecode.swift; path = "1375. 二进制字符串前缀一致的次数.swift"; sourceTree = "<group>"; };
		87915E8A27731DA400342F19 /* 686. 重复叠加字符串匹配.swift */ = {isa = PBXFileReference; lastKnownFileType = sourcecode.swift; path = "686. 重复叠加字符串匹配.swift"; sourceTree = "<group>"; };
		879AAD7627741677000E179A /* 1044. 最长重复子串.swift */ = {isa = PBXFileReference; lastKnownFileType = sourcecode.swift; path = "1044. 最长重复子串.swift"; sourceTree = "<group>"; };
		879AAD78277465A1000E179A /* 面试题 16.05. 阶乘尾数.swift */ = {isa = PBXFileReference; lastKnownFileType = sourcecode.swift; path = "面试题 16.05. 阶乘尾数.swift"; sourceTree = "<group>"; };
		879AAD7A277473AA000E179A /* 5. 最长回文子串.swift */ = {isa = PBXFileReference; lastKnownFileType = sourcecode.swift; path = "5. 最长回文子串.swift"; sourceTree = "<group>"; };
		879AAD7C2774772E000E179A /* 70. 爬楼梯.swift */ = {isa = PBXFileReference; lastKnownFileType = sourcecode.swift; path = "70. 爬楼梯.swift"; sourceTree = "<group>"; };
		879AAD7E27747D16000E179A /* 53. 最大子数组和.swift */ = {isa = PBXFileReference; lastKnownFileType = sourcecode.swift; path = "53. 最大子数组和.swift"; sourceTree = "<group>"; };
		879AAD8027756618000E179A /* 1705. 吃苹果的最大数目.swift */ = {isa = PBXFileReference; lastKnownFileType = sourcecode.swift; path = "1705. 吃苹果的最大数目.swift"; sourceTree = "<group>"; };
		BABD818D276F28650007A289 /* algorithm */ = {isa = PBXFileReference; explicitFileType = "compiled.mach-o.executable"; includeInIndex = 0; path = algorithm; sourceTree = BUILT_PRODUCTS_DIR; };
		BABD8190276F28650007A289 /* main.swift */ = {isa = PBXFileReference; lastKnownFileType = sourcecode.swift; path = main.swift; sourceTree = "<group>"; };
		BABD8197276F28820007A289 /* 997. 找到小镇的法官.swift */ = {isa = PBXFileReference; lastKnownFileType = sourcecode.swift; path = "997. 找到小镇的法官.swift"; sourceTree = "<group>"; };
		BABD8199276F2C940007A289 /* 1726. 同积元组.swift */ = {isa = PBXFileReference; lastKnownFileType = sourcecode.swift; path = "1726. 同积元组.swift"; sourceTree = "<group>"; };
		BABD819B276F4AEA0007A289 /* 1946. 子字符串突变后可能得到的最大整数.swift */ = {isa = PBXFileReference; lastKnownFileType = sourcecode.swift; path = "1946. 子字符串突变后可能得到的最大整数.swift"; sourceTree = "<group>"; };
		BABD819D2770A56B0007A289 /* 475. 供暖器.swift */ = {isa = PBXFileReference; lastKnownFileType = sourcecode.swift; path = "475. 供暖器.swift"; sourceTree = "<group>"; };
/* End PBXFileReference section */

/* Begin PBXFrameworksBuildPhase section */
		BABD818A276F28650007A289 /* Frameworks */ = {
			isa = PBXFrameworksBuildPhase;
			buildActionMask = 2147483647;
			files = (
			);
			runOnlyForDeploymentPostprocessing = 0;
		};
/* End PBXFrameworksBuildPhase section */

/* Begin PBXGroup section */
		BABD8184276F28650007A289 = {
			isa = PBXGroup;
			children = (
				BABD818F276F28650007A289 /* algorithm */,
				BABD818E276F28650007A289 /* Products */,
			);
			sourceTree = "<group>";
		};
		BABD818E276F28650007A289 /* Products */ = {
			isa = PBXGroup;
			children = (
				BABD818D276F28650007A289 /* algorithm */,
			);
			name = Products;
			sourceTree = "<group>";
		};
		BABD818F276F28650007A289 /* algorithm */ = {
			isa = PBXGroup;
			children = (
				BABD8190276F28650007A289 /* main.swift */,
				879AAD78277465A1000E179A /* 面试题 16.05. 阶乘尾数.swift */,
				878A3B57277C0410001CE973 /* 剑指 Offer II 072. 求平方根.swift */,
				879AAD7A277473AA000E179A /* 5. 最长回文子串.swift */,
				879AAD7E27747D16000E179A /* 53. 最大子数组和.swift */,
				879AAD7C2774772E000E179A /* 70. 爬楼梯.swift */,
				BABD819D2770A56B0007A289 /* 475. 供暖器.swift */,
				87915E832772FFCD00342F19 /* 476. 数字的补数.swift */,
				87915E802772FFCD00342F19 /* 482. 密钥格式化.swift */,
				87915E822772FFCD00342F19 /* 522. 最长特殊序列 II.swift */,
				87915E8A27731DA400342F19 /* 686. 重复叠加字符串匹配.swift */,
				BABD8197276F28820007A289 /* 997. 找到小镇的法官.swift */,
				879AAD7627741677000E179A /* 1044. 最长重复子串.swift */,
				87915E812772FFCD00342F19 /* 1154. 一年中的第几天.swift */,
				87915E842772FFCD00342F19 /* 1375. 二进制字符串前缀一致的次数.swift */,
				879AAD8027756618000E179A /* 1705. 吃苹果的最大数目.swift */,
				BABD8199276F2C940007A289 /* 1726. 同积元组.swift */,
				BABD819B276F4AEA0007A289 /* 1946. 子字符串突变后可能得到的最大整数.swift */,
			);
			path = algorithm;
			sourceTree = "<group>";
		};
/* End PBXGroup section */

/* Begin PBXNativeTarget section */
		BABD818C276F28650007A289 /* algorithm */ = {
			isa = PBXNativeTarget;
			buildConfigurationList = BABD8194276F28650007A289 /* Build configuration list for PBXNativeTarget "algorithm" */;
			buildPhases = (
				BABD8189276F28650007A289 /* Sources */,
				BABD818A276F28650007A289 /* Frameworks */,
				BABD818B276F28650007A289 /* CopyFiles */,
			);
			buildRules = (
			);
			dependencies = (
			);
			name = algorithm;
			productName = algorithm;
			productReference = BABD818D276F28650007A289 /* algorithm */;
			productType = "com.apple.product-type.tool";
		};
/* End PBXNativeTarget section */

/* Begin PBXProject section */
		BABD8185276F28650007A289 /* Project object */ = {
			isa = PBXProject;
			attributes = {
				BuildIndependentTargetsInParallel = 1;
				LastSwiftUpdateCheck = 1310;
				LastUpgradeCheck = 1310;
				TargetAttributes = {
					BABD818C276F28650007A289 = {
						CreatedOnToolsVersion = 13.1;
					};
				};
			};
			buildConfigurationList = BABD8188276F28650007A289 /* Build configuration list for PBXProject "algorithm" */;
			compatibilityVersion = "Xcode 13.0";
			developmentRegion = en;
			hasScannedForEncodings = 0;
			knownRegions = (
				en,
				Base,
			);
			mainGroup = BABD8184276F28650007A289;
			productRefGroup = BABD818E276F28650007A289 /* Products */;
			projectDirPath = "";
			projectRoot = "";
			targets = (
				BABD818C276F28650007A289 /* algorithm */,
			);
		};
/* End PBXProject section */

/* Begin PBXSourcesBuildPhase section */
		BABD8189276F28650007A289 /* Sources */ = {
			isa = PBXSourcesBuildPhase;
			buildActionMask = 2147483647;
			files = (
				87915E892772FFCD00342F19 /* 1375. 二进制字符串前缀一致的次数.swift in Sources */,
				879AAD7B277473AA000E179A /* 5. 最长回文子串.swift in Sources */,
				87915E872772FFCD00342F19 /* 522. 最长特殊序列 II.swift in Sources */,
				BABD8191276F28650007A289 /* main.swift in Sources */,
				879AAD79277465A1000E179A /* 面试题 16.05. 阶乘尾数.swift in Sources */,
				879AAD7727741677000E179A /* 1044. 最长重复子串.swift in Sources */,
				87915E852772FFCD00342F19 /* 482. 密钥格式化.swift in Sources */,
				87915E862772FFCD00342F19 /* 1154. 一年中的第几天.swift in Sources */,
				879AAD7F27747D16000E179A /* 53. 最大子数组和.swift in Sources */,
				BABD819C276F4AEA0007A289 /* 1946. 子字符串突变后可能得到的最大整数.swift in Sources */,
				878A3B58277C0410001CE973 /* 剑指 Offer II 072. 求平方根.swift in Sources */,
				879AAD7D2774772E000E179A /* 70. 爬楼梯.swift in Sources */,
				879AAD8127756618000E179A /* 1705. 吃苹果的最大数目.swift in Sources */,
				87915E8B27731DA400342F19 /* 686. 重复叠加字符串匹配.swift in Sources */,
				87915E882772FFCD00342F19 /* 476. 数字的补数.swift in Sources */,
				BABD819A276F2C940007A289 /* 1726. 同积元组.swift in Sources */,
				BABD819E2770A56B0007A289 /* 475. 供暖器.swift in Sources */,
				BABD8198276F28820007A289 /* 997. 找到小镇的法官.swift in Sources */,
			);
			runOnlyForDeploymentPostprocessing = 0;
		};
/* End PBXSourcesBuildPhase section */

/* Begin XCBuildConfiguration section */
		BABD8192276F28650007A289 /* Debug */ = {
			isa = XCBuildConfiguration;
			buildSettings = {
				ALWAYS_SEARCH_USER_PATHS = NO;
				CLANG_ANALYZER_NONNULL = YES;
				CLANG_ANALYZER_NUMBER_OBJECT_CONVERSION = YES_AGGRESSIVE;
				CLANG_CXX_LANGUAGE_STANDARD = "gnu++17";
				CLANG_CXX_LIBRARY = "libc++";
				CLANG_ENABLE_MODULES = YES;
				CLANG_ENABLE_OBJC_ARC = YES;
				CLANG_ENABLE_OBJC_WEAK = YES;
				CLANG_WARN_BLOCK_CAPTURE_AUTORELEASING = YES;
				CLANG_WARN_BOOL_CONVERSION = YES;
				CLANG_WARN_COMMA = YES;
				CLANG_WARN_CONSTANT_CONVERSION = YES;
				CLANG_WARN_DEPRECATED_OBJC_IMPLEMENTATIONS = YES;
				CLANG_WARN_DIRECT_OBJC_ISA_USAGE = YES_ERROR;
				CLANG_WARN_DOCUMENTATION_COMMENTS = YES;
				CLANG_WARN_EMPTY_BODY = YES;
				CLANG_WARN_ENUM_CONVERSION = YES;
				CLANG_WARN_INFINITE_RECURSION = YES;
				CLANG_WARN_INT_CONVERSION = YES;
				CLANG_WARN_NON_LITERAL_NULL_CONVERSION = YES;
				CLANG_WARN_OBJC_IMPLICIT_RETAIN_SELF = YES;
				CLANG_WARN_OBJC_LITERAL_CONVERSION = YES;
				CLANG_WARN_OBJC_ROOT_CLASS = YES_ERROR;
				CLANG_WARN_QUOTED_INCLUDE_IN_FRAMEWORK_HEADER = YES;
				CLANG_WARN_RANGE_LOOP_ANALYSIS = YES;
				CLANG_WARN_STRICT_PROTOTYPES = YES;
				CLANG_WARN_SUSPICIOUS_MOVE = YES;
				CLANG_WARN_UNGUARDED_AVAILABILITY = YES_AGGRESSIVE;
				CLANG_WARN_UNREACHABLE_CODE = YES;
				CLANG_WARN__DUPLICATE_METHOD_MATCH = YES;
				COPY_PHASE_STRIP = NO;
				DEBUG_INFORMATION_FORMAT = dwarf;
				ENABLE_STRICT_OBJC_MSGSEND = YES;
				ENABLE_TESTABILITY = YES;
				GCC_C_LANGUAGE_STANDARD = gnu11;
				GCC_DYNAMIC_NO_PIC = NO;
				GCC_NO_COMMON_BLOCKS = YES;
				GCC_OPTIMIZATION_LEVEL = 0;
				GCC_PREPROCESSOR_DEFINITIONS = (
					"DEBUG=1",
					"$(inherited)",
				);
				GCC_WARN_64_TO_32_BIT_CONVERSION = YES;
				GCC_WARN_ABOUT_RETURN_TYPE = YES_ERROR;
				GCC_WARN_UNDECLARED_SELECTOR = YES;
				GCC_WARN_UNINITIALIZED_AUTOS = YES_AGGRESSIVE;
				GCC_WARN_UNUSED_FUNCTION = YES;
				GCC_WARN_UNUSED_VARIABLE = YES;
				MACOSX_DEPLOYMENT_TARGET = 12.0;
				MTL_ENABLE_DEBUG_INFO = INCLUDE_SOURCE;
				MTL_FAST_MATH = YES;
				ONLY_ACTIVE_ARCH = YES;
				SDKROOT = macosx;
				SWIFT_ACTIVE_COMPILATION_CONDITIONS = DEBUG;
				SWIFT_OPTIMIZATION_LEVEL = "-Onone";
			};
			name = Debug;
		};
		BABD8193276F28650007A289 /* Release */ = {
			isa = XCBuildConfiguration;
			buildSettings = {
				ALWAYS_SEARCH_USER_PATHS = NO;
				CLANG_ANALYZER_NONNULL = YES;
				CLANG_ANALYZER_NUMBER_OBJECT_CONVERSION = YES_AGGRESSIVE;
				CLANG_CXX_LANGUAGE_STANDARD = "gnu++17";
				CLANG_CXX_LIBRARY = "libc++";
				CLANG_ENABLE_MODULES = YES;
				CLANG_ENABLE_OBJC_ARC = YES;
				CLANG_ENABLE_OBJC_WEAK = YES;
				CLANG_WARN_BLOCK_CAPTURE_AUTORELEASING = YES;
				CLANG_WARN_BOOL_CONVERSION = YES;
				CLANG_WARN_COMMA = YES;
				CLANG_WARN_CONSTANT_CONVERSION = YES;
				CLANG_WARN_DEPRECATED_OBJC_IMPLEMENTATIONS = YES;
				CLANG_WARN_DIRECT_OBJC_ISA_USAGE = YES_ERROR;
				CLANG_WARN_DOCUMENTATION_COMMENTS = YES;
				CLANG_WARN_EMPTY_BODY = YES;
				CLANG_WARN_ENUM_CONVERSION = YES;
				CLANG_WARN_INFINITE_RECURSION = YES;
				CLANG_WARN_INT_CONVERSION = YES;
				CLANG_WARN_NON_LITERAL_NULL_CONVERSION = YES;
				CLANG_WARN_OBJC_IMPLICIT_RETAIN_SELF = YES;
				CLANG_WARN_OBJC_LITERAL_CONVERSION = YES;
				CLANG_WARN_OBJC_ROOT_CLASS = YES_ERROR;
				CLANG_WARN_QUOTED_INCLUDE_IN_FRAMEWORK_HEADER = YES;
				CLANG_WARN_RANGE_LOOP_ANALYSIS = YES;
				CLANG_WARN_STRICT_PROTOTYPES = YES;
				CLANG_WARN_SUSPICIOUS_MOVE = YES;
				CLANG_WARN_UNGUARDED_AVAILABILITY = YES_AGGRESSIVE;
				CLANG_WARN_UNREACHABLE_CODE = YES;
				CLANG_WARN__DUPLICATE_METHOD_MATCH = YES;
				COPY_PHASE_STRIP = NO;
				DEBUG_INFORMATION_FORMAT = "dwarf-with-dsym";
				ENABLE_NS_ASSERTIONS = NO;
				ENABLE_STRICT_OBJC_MSGSEND = YES;
				GCC_C_LANGUAGE_STANDARD = gnu11;
				GCC_NO_COMMON_BLOCKS = YES;
				GCC_WARN_64_TO_32_BIT_CONVERSION = YES;
				GCC_WARN_ABOUT_RETURN_TYPE = YES_ERROR;
				GCC_WARN_UNDECLARED_SELECTOR = YES;
				GCC_WARN_UNINITIALIZED_AUTOS = YES_AGGRESSIVE;
				GCC_WARN_UNUSED_FUNCTION = YES;
				GCC_WARN_UNUSED_VARIABLE = YES;
				MACOSX_DEPLOYMENT_TARGET = 12.0;
				MTL_ENABLE_DEBUG_INFO = NO;
				MTL_FAST_MATH = YES;
				SDKROOT = macosx;
				SWIFT_COMPILATION_MODE = wholemodule;
				SWIFT_OPTIMIZATION_LEVEL = "-O";
			};
			name = Release;
		};
		BABD8195276F28650007A289 /* Debug */ = {
			isa = XCBuildConfiguration;
			buildSettings = {
				CODE_SIGN_STYLE = Automatic;
				DEVELOPMENT_TEAM = VUVSMHWDF2;
				ENABLE_HARDENED_RUNTIME = YES;
				MACOSX_DEPLOYMENT_TARGET = 11.0;
				PRODUCT_NAME = "$(TARGET_NAME)";
				SWIFT_VERSION = 5.0;
			};
			name = Debug;
		};
		BABD8196276F28650007A289 /* Release */ = {
			isa = XCBuildConfiguration;
			buildSettings = {
				CODE_SIGN_STYLE = Automatic;
				DEVELOPMENT_TEAM = VUVSMHWDF2;
				ENABLE_HARDENED_RUNTIME = YES;
				MACOSX_DEPLOYMENT_TARGET = 11.0;
				PRODUCT_NAME = "$(TARGET_NAME)";
				SWIFT_VERSION = 5.0;
			};
			name = Release;
		};
/* End XCBuildConfiguration section */

/* Begin XCConfigurationList section */
		BABD8188276F28650007A289 /* Build configuration list for PBXProject "algorithm" */ = {
			isa = XCConfigurationList;
			buildConfigurations = (
				BABD8192276F28650007A289 /* Debug */,
				BABD8193276F28650007A289 /* Release */,
			);
			defaultConfigurationIsVisible = 0;
			defaultConfigurationName = Release;
		};
		BABD8194276F28650007A289 /* Build configuration list for PBXNativeTarget "algorithm" */ = {
			isa = XCConfigurationList;
			buildConfigurations = (
				BABD8195276F28650007A289 /* Debug */,
				BABD8196276F28650007A289 /* Release */,
			);
			defaultConfigurationIsVisible = 0;
			defaultConfigurationName = Release;
		};
/* End XCConfigurationList section */
	};
	rootObject = BABD8185276F28650007A289 /* Project object */;
}
